
Microsoft Visual Studio Solution File, Format Version 12.00
# Visual Studio Version 17
VisualStudioVersion = 17.4.33205.214
MinimumVisualStudioVersion = 10.0.40219.1
Project("{FAE04EC0-301F-11D3-BF4B-00C04F79EFBC}") = "WebApplication1", "WebApplication1\WebApplication1.csproj", "{3F41231F-47E2-40A0-95FD-541C0F99DE9C}"
EndProject
Global
	GlobalSection(SolutionConfigurationPlatforms) = preSolution
		Debug|Any CPU = Debug|Any CPU
		Release|Any CPU = Release|Any CPU
	EndGlobalSection
	GlobalSection(ProjectConfigurationPlatforms) = postSolution
		{3F41231F-47E2-40A0-95FD-541C0F99DE9C}.Debug|Any CPU.ActiveCfg = Debug|Any CPU
		{3F41231F-47E2-40A0-95FD-541C0F99DE9C}.Debug|Any CPU.Build.0 = Debug|Any CPU
		{3F41231F-47E2-40A0-95FD-541C0F99DE9C}.Release|Any CPU.ActiveCfg = Release|Any CPU
		{3F41231F-47E2-40A0-95FD-541C0F99DE9C}.Release|Any CPU.Build.0 = Release|Any CPU
	EndGlobalSection
	GlobalSection(SolutionProperties) = preSolution
		HideSolutionNode = FALSE
	EndGlobalSection
	GlobalSection(ExtensibilityGlobals) = postSolution
		SolutionGuid = {69FB99FE-8CE0-4733-AF66-9D32F123B14C}
	EndGlobalSection
EndGlobal
